// !$*UTF8*$!
{
	archiveVersion = 1;
	classes = {
	};
	objectVersion = 51;
	objects = {

/* Begin PBXBuildFile section */
		5707430F273A6A1B0032F74F /* GroupsDB.swift in Sources */ = {isa = PBXBuildFile; fileRef = 5707430E273A6A1B0032F74F /* GroupsDB.swift */; };
		57074311273A6CDA0032F74F /* PhotosDB.swift in Sources */ = {isa = PBXBuildFile; fileRef = 57074310273A6CDA0032F74F /* PhotosDB.swift */; };
		57074313274110840032F74F /* GoogleService-Info.plist in Resources */ = {isa = PBXBuildFile; fileRef = 57074312274110840032F74F /* GoogleService-Info.plist */; };
		571CD76E26E19D16006BAEBA /* CaruselViewController.swift in Sources */ = {isa = PBXBuildFile; fileRef = 571CD76D26E19D16006BAEBA /* CaruselViewController.swift */; };
		571CD77226E65887006BAEBA /* PushTransition.swift in Sources */ = {isa = PBXBuildFile; fileRef = 571CD77126E65887006BAEBA /* PushTransition.swift */; };
		571CD77426E79E44006BAEBA /* PopTransition.swift in Sources */ = {isa = PBXBuildFile; fileRef = 571CD77326E79E44006BAEBA /* PopTransition.swift */; };
		571CD77726E7A1E3006BAEBA /* FriendsNavController.swift in Sources */ = {isa = PBXBuildFile; fileRef = 571CD77626E7A1E3006BAEBA /* FriendsNavController.swift */; };
		571CD77926E7A4B9006BAEBA /* InteractiveTransition.swift in Sources */ = {isa = PBXBuildFile; fileRef = 571CD77826E7A4B9006BAEBA /* InteractiveTransition.swift */; };
		571D16AB26EA513300010A15 /* Session.swift in Sources */ = {isa = PBXBuildFile; fileRef = 571D16AA26EA513300010A15 /* Session.swift */; };
		5729929726AEB90600E0E93F /* PhotosViewController.swift in Sources */ = {isa = PBXBuildFile; fileRef = 5729929626AEB90600E0E93F /* PhotosViewController.swift */; };
		5729929926AEC89B00E0E93F /* PhotosCollectionViewCell.swift in Sources */ = {isa = PBXBuildFile; fileRef = 5729929826AEC89B00E0E93F /* PhotosCollectionViewCell.swift */; };
		573EAEAE26AD3316004D3105 /* FriendTableViewCell.swift in Sources */ = {isa = PBXBuildFile; fileRef = 573EAEAD26AD3316004D3105 /* FriendTableViewCell.swift */; };
		573EEE2B269760040068EE00 /* AppDelegate.swift in Sources */ = {isa = PBXBuildFile; fileRef = 573EEE2A269760040068EE00 /* AppDelegate.swift */; };
		573EEE2D269760040068EE00 /* SceneDelegate.swift in Sources */ = {isa = PBXBuildFile; fileRef = 573EEE2C269760040068EE00 /* SceneDelegate.swift */; };
		573EEE2F269760040068EE00 /* ViewController.swift in Sources */ = {isa = PBXBuildFile; fileRef = 573EEE2E269760040068EE00 /* ViewController.swift */; };
		573EEE32269760040068EE00 /* Main.storyboard in Resources */ = {isa = PBXBuildFile; fileRef = 573EEE30269760040068EE00 /* Main.storyboard */; };
		573EEE34269760050068EE00 /* Assets.xcassets in Resources */ = {isa = PBXBuildFile; fileRef = 573EEE33269760050068EE00 /* Assets.xcassets */; };
		573EEE37269760050068EE00 /* LaunchScreen.storyboard in Resources */ = {isa = PBXBuildFile; fileRef = 573EEE35269760050068EE00 /* LaunchScreen.storyboard */; };
		57472BD826B458B8000FB276 /* LikeControl.swift in Sources */ = {isa = PBXBuildFile; fileRef = 57472BD726B458B8000FB276 /* LikeControl.swift */; };
		57472BDB26B702AC000FB276 /* AvatarView.swift in Sources */ = {isa = PBXBuildFile; fileRef = 57472BDA26B702AC000FB276 /* AvatarView.swift */; };
		5749E20226DD11A300A7E7E7 /* AnimateLogin.swift in Sources */ = {isa = PBXBuildFile; fileRef = 5749E20126DD11A300A7E7E7 /* AnimateLogin.swift */; };
		57552C39271FA783001A1BC5 /* SearchGroupsAPI.swift in Sources */ = {isa = PBXBuildFile; fileRef = 57552C38271FA783001A1BC5 /* SearchGroupsAPI.swift */; };
		576C02E426F7679B007157EB /* AuthViewController.swift in Sources */ = {isa = PBXBuildFile; fileRef = 576C02E326F7679B007157EB /* AuthViewController.swift */; };
		57A40EAE26F85FF50065844F /* GroupsAPI.swift in Sources */ = {isa = PBXBuildFile; fileRef = 57A40EAD26F85FF50065844F /* GroupsAPI.swift */; };
		57A40EB026F861640065844F /* PhotosAPI.swift in Sources */ = {isa = PBXBuildFile; fileRef = 57A40EAF26F861640065844F /* PhotosAPI.swift */; };
		57AFB1E62725788C0097CC9A /* Data+PrettyJSON.swift in Sources */ = {isa = PBXBuildFile; fileRef = 57AFB1E52725788C0097CC9A /* Data+PrettyJSON.swift */; };
		57BFF02D26B04C12005693C8 /* Group.swift in Sources */ = {isa = PBXBuildFile; fileRef = 57BFF02C26B04C12005693C8 /* Group.swift */; };
		57BFF03126B04DF6005693C8 /* AllGroupsViewController.swift in Sources */ = {isa = PBXBuildFile; fileRef = 57BFF03026B04DF6005693C8 /* AllGroupsViewController.swift */; };
		57BFF03526B05140005693C8 /* GroupsTableViewCell.swift in Sources */ = {isa = PBXBuildFile; fileRef = 57BFF03426B05140005693C8 /* GroupsTableViewCell.swift */; };
		57C34787269B11E500D1FE3D /* FriendsViewController.swift in Sources */ = {isa = PBXBuildFile; fileRef = 57C34786269B11E500D1FE3D /* FriendsViewController.swift */; };
		57C3478A269B137800D1FE3D /* GroupsViewController.swift in Sources */ = {isa = PBXBuildFile; fileRef = 57C34789269B137800D1FE3D /* GroupsViewController.swift */; };
		57D2871926A88AD8005373AF /* User.swift in Sources */ = {isa = PBXBuildFile; fileRef = 57D2871826A88AD8005373AF /* User.swift */; };
		57D2871B26A88B3A005373AF /* Photo.swift in Sources */ = {isa = PBXBuildFile; fileRef = 57D2871A26A88B3A005373AF /* Photo.swift */; };
		57E0FDF92742653D004D80D8 /* UserFirebase.swift in Sources */ = {isa = PBXBuildFile; fileRef = 57E0FDF82742653D004D80D8 /* UserFirebase.swift */; };
		57E0FDFB27462FFE004D80D8 /* ImageView.swift in Sources */ = {isa = PBXBuildFile; fileRef = 57E0FDFA27462FFE004D80D8 /* ImageView.swift */; };
		57E0FE00274BBDA6004D80D8 /* NewsFeedViewController.swift in Sources */ = {isa = PBXBuildFile; fileRef = 57E0FDFF274BBDA6004D80D8 /* NewsFeedViewController.swift */; };
		57E0FE02274BBF91004D80D8 /* NewsFeedTableViewCell.swift in Sources */ = {isa = PBXBuildFile; fileRef = 57E0FE01274BBF91004D80D8 /* NewsFeedTableViewCell.swift */; };
		57E0FE04274BC156004D80D8 /* News.swift in Sources */ = {isa = PBXBuildFile; fileRef = 57E0FE03274BC156004D80D8 /* News.swift */; };
		57E0FE06274BC409004D80D8 /* NewsFeedAPI.swift in Sources */ = {isa = PBXBuildFile; fileRef = 57E0FE05274BC409004D80D8 /* NewsFeedAPI.swift */; };
		57EE8D8C26F8565E0064159A /* UsersAPI.swift in Sources */ = {isa = PBXBuildFile; fileRef = 57EE8D8B26F8565E0064159A /* UsersAPI.swift */; };
		57F6F0A126C35301006A6AED /* FriendsHeaderSection.swift in Sources */ = {isa = PBXBuildFile; fileRef = 57F6F0A026C35301006A6AED /* FriendsHeaderSection.swift */; };
		57FD97D82737E6CA00E10B8C /* UsersDB.swift in Sources */ = {isa = PBXBuildFile; fileRef = 57FD97D72737E6CA00E10B8C /* UsersDB.swift */; };
		A0AA26658630C13A3B11A230 /* Pods_vkClient.framework in Frameworks */ = {isa = PBXBuildFile; fileRef = AA8E60036FD4E159FAC329C2 /* Pods_vkClient.framework */; };
/* End PBXBuildFile section */

/* Begin PBXFileReference section */
		32B0314444CC179E745B03E0 /* Pods-vkClient.release.xcconfig */ = {isa = PBXFileReference; includeInIndex = 1; lastKnownFileType = text.xcconfig; name = "Pods-vkClient.release.xcconfig"; path = "Target Support Files/Pods-vkClient/Pods-vkClient.release.xcconfig"; sourceTree = "<group>"; };
		5707430E273A6A1B0032F74F /* GroupsDB.swift */ = {isa = PBXFileReference; lastKnownFileType = sourcecode.swift; path = GroupsDB.swift; sourceTree = "<group>"; };
		57074310273A6CDA0032F74F /* PhotosDB.swift */ = {isa = PBXFileReference; lastKnownFileType = sourcecode.swift; path = PhotosDB.swift; sourceTree = "<group>"; };
		57074312274110840032F74F /* GoogleService-Info.plist */ = {isa = PBXFileReference; fileEncoding = 4; lastKnownFileType = text.plist.xml; path = "GoogleService-Info.plist"; sourceTree = "<group>"; };
		571CD76D26E19D16006BAEBA /* CaruselViewController.swift */ = {isa = PBXFileReference; lastKnownFileType = sourcecode.swift; path = CaruselViewController.swift; sourceTree = "<group>"; };
		571CD77126E65887006BAEBA /* PushTransition.swift */ = {isa = PBXFileReference; lastKnownFileType = sourcecode.swift; path = PushTransition.swift; sourceTree = "<group>"; };
		571CD77326E79E44006BAEBA /* PopTransition.swift */ = {isa = PBXFileReference; lastKnownFileType = sourcecode.swift; path = PopTransition.swift; sourceTree = "<group>"; };
		571CD77626E7A1E3006BAEBA /* FriendsNavController.swift */ = {isa = PBXFileReference; lastKnownFileType = sourcecode.swift; path = FriendsNavController.swift; sourceTree = "<group>"; };
		571CD77826E7A4B9006BAEBA /* InteractiveTransition.swift */ = {isa = PBXFileReference; lastKnownFileType = sourcecode.swift; path = InteractiveTransition.swift; sourceTree = "<group>"; };
		571D16AA26EA513300010A15 /* Session.swift */ = {isa = PBXFileReference; lastKnownFileType = sourcecode.swift; path = Session.swift; sourceTree = "<group>"; };
		5729929626AEB90600E0E93F /* PhotosViewController.swift */ = {isa = PBXFileReference; lastKnownFileType = sourcecode.swift; path = PhotosViewController.swift; sourceTree = "<group>"; };
		5729929826AEC89B00E0E93F /* PhotosCollectionViewCell.swift */ = {isa = PBXFileReference; lastKnownFileType = sourcecode.swift; path = PhotosCollectionViewCell.swift; sourceTree = "<group>"; };
		573EAEAD26AD3316004D3105 /* FriendTableViewCell.swift */ = {isa = PBXFileReference; lastKnownFileType = sourcecode.swift; path = FriendTableViewCell.swift; sourceTree = "<group>"; };
		573EEE27269760040068EE00 /* vkClient.app */ = {isa = PBXFileReference; explicitFileType = wrapper.application; includeInIndex = 0; path = vkClient.app; sourceTree = BUILT_PRODUCTS_DIR; };
		573EEE2A269760040068EE00 /* AppDelegate.swift */ = {isa = PBXFileReference; lastKnownFileType = sourcecode.swift; path = AppDelegate.swift; sourceTree = "<group>"; };
		573EEE2C269760040068EE00 /* SceneDelegate.swift */ = {isa = PBXFileReference; lastKnownFileType = sourcecode.swift; path = SceneDelegate.swift; sourceTree = "<group>"; };
		573EEE2E269760040068EE00 /* ViewController.swift */ = {isa = PBXFileReference; lastKnownFileType = sourcecode.swift; path = ViewController.swift; sourceTree = "<group>"; };
		573EEE31269760040068EE00 /* Base */ = {isa = PBXFileReference; lastKnownFileType = file.storyboard; name = Base; path = Base.lproj/Main.storyboard; sourceTree = "<group>"; };
		573EEE33269760050068EE00 /* Assets.xcassets */ = {isa = PBXFileReference; lastKnownFileType = folder.assetcatalog; path = Assets.xcassets; sourceTree = "<group>"; };
		573EEE36269760050068EE00 /* Base */ = {isa = PBXFileReference; lastKnownFileType = file.storyboard; name = Base; path = Base.lproj/LaunchScreen.storyboard; sourceTree = "<group>"; };
		573EEE38269760050068EE00 /* Info.plist */ = {isa = PBXFileReference; lastKnownFileType = text.plist.xml; path = Info.plist; sourceTree = "<group>"; };
		57472BD726B458B8000FB276 /* LikeControl.swift */ = {isa = PBXFileReference; lastKnownFileType = sourcecode.swift; path = LikeControl.swift; sourceTree = "<group>"; };
		57472BDA26B702AC000FB276 /* AvatarView.swift */ = {isa = PBXFileReference; lastKnownFileType = sourcecode.swift; path = AvatarView.swift; sourceTree = "<group>"; };
		5749E20126DD11A300A7E7E7 /* AnimateLogin.swift */ = {isa = PBXFileReference; lastKnownFileType = sourcecode.swift; path = AnimateLogin.swift; sourceTree = "<group>"; };
		57552C38271FA783001A1BC5 /* SearchGroupsAPI.swift */ = {isa = PBXFileReference; lastKnownFileType = sourcecode.swift; path = SearchGroupsAPI.swift; sourceTree = "<group>"; };
		576C02E326F7679B007157EB /* AuthViewController.swift */ = {isa = PBXFileReference; lastKnownFileType = sourcecode.swift; path = AuthViewController.swift; sourceTree = "<group>"; };
		57A40EAD26F85FF50065844F /* GroupsAPI.swift */ = {isa = PBXFileReference; lastKnownFileType = sourcecode.swift; path = GroupsAPI.swift; sourceTree = "<group>"; };
		57A40EAF26F861640065844F /* PhotosAPI.swift */ = {isa = PBXFileReference; lastKnownFileType = sourcecode.swift; path = PhotosAPI.swift; sourceTree = "<group>"; };
		57AFB1E52725788C0097CC9A /* Data+PrettyJSON.swift */ = {isa = PBXFileReference; lastKnownFileType = sourcecode.swift; path = "Data+PrettyJSON.swift"; sourceTree = "<group>"; };
		57BFF02C26B04C12005693C8 /* Group.swift */ = {isa = PBXFileReference; lastKnownFileType = sourcecode.swift; path = Group.swift; sourceTree = "<group>"; };
		57BFF03026B04DF6005693C8 /* AllGroupsViewController.swift */ = {isa = PBXFileReference; lastKnownFileType = sourcecode.swift; path = AllGroupsViewController.swift; sourceTree = "<group>"; };
		57BFF03426B05140005693C8 /* GroupsTableViewCell.swift */ = {isa = PBXFileReference; lastKnownFileType = sourcecode.swift; path = GroupsTableViewCell.swift; sourceTree = "<group>"; };
		57C34786269B11E500D1FE3D /* FriendsViewController.swift */ = {isa = PBXFileReference; lastKnownFileType = sourcecode.swift; path = FriendsViewController.swift; sourceTree = "<group>"; };
		57C34789269B137800D1FE3D /* GroupsViewController.swift */ = {isa = PBXFileReference; lastKnownFileType = sourcecode.swift; path = GroupsViewController.swift; sourceTree = "<group>"; };
		57D2871826A88AD8005373AF /* User.swift */ = {isa = PBXFileReference; lastKnownFileType = sourcecode.swift; path = User.swift; sourceTree = "<group>"; };
		57D2871A26A88B3A005373AF /* Photo.swift */ = {isa = PBXFileReference; lastKnownFileType = sourcecode.swift; path = Photo.swift; sourceTree = "<group>"; };
		57E0FDF82742653D004D80D8 /* UserFirebase.swift */ = {isa = PBXFileReference; lastKnownFileType = sourcecode.swift; path = UserFirebase.swift; sourceTree = "<group>"; };
		57E0FDFA27462FFE004D80D8 /* ImageView.swift */ = {isa = PBXFileReference; lastKnownFileType = sourcecode.swift; path = ImageView.swift; sourceTree = "<group>"; };
		57E0FDFF274BBDA6004D80D8 /* NewsFeedViewController.swift */ = {isa = PBXFileReference; lastKnownFileType = sourcecode.swift; path = NewsFeedViewController.swift; sourceTree = "<group>"; };
		57E0FE01274BBF91004D80D8 /* NewsFeedTableViewCell.swift */ = {isa = PBXFileReference; lastKnownFileType = sourcecode.swift; path = NewsFeedTableViewCell.swift; sourceTree = "<group>"; };
		57E0FE03274BC156004D80D8 /* News.swift */ = {isa = PBXFileReference; lastKnownFileType = sourcecode.swift; path = News.swift; sourceTree = "<group>"; };
		57E0FE05274BC409004D80D8 /* NewsFeedAPI.swift */ = {isa = PBXFileReference; lastKnownFileType = sourcecode.swift; path = NewsFeedAPI.swift; sourceTree = "<group>"; };
		57EE8D8B26F8565E0064159A /* UsersAPI.swift */ = {isa = PBXFileReference; lastKnownFileType = sourcecode.swift; path = UsersAPI.swift; sourceTree = "<group>"; };
		57F6F0A026C35301006A6AED /* FriendsHeaderSection.swift */ = {isa = PBXFileReference; lastKnownFileType = sourcecode.swift; path = FriendsHeaderSection.swift; sourceTree = "<group>"; };
		57FD97D72737E6CA00E10B8C /* UsersDB.swift */ = {isa = PBXFileReference; lastKnownFileType = sourcecode.swift; path = UsersDB.swift; sourceTree = "<group>"; };
		AA8E60036FD4E159FAC329C2 /* Pods_vkClient.framework */ = {isa = PBXFileReference; explicitFileType = wrapper.framework; includeInIndex = 0; path = Pods_vkClient.framework; sourceTree = BUILT_PRODUCTS_DIR; };
		C747D5D615E75C6418241951 /* Pods-vkClient.debug.xcconfig */ = {isa = PBXFileReference; includeInIndex = 1; lastKnownFileType = text.xcconfig; name = "Pods-vkClient.debug.xcconfig"; path = "Target Support Files/Pods-vkClient/Pods-vkClient.debug.xcconfig"; sourceTree = "<group>"; };
/* End PBXFileReference section */

/* Begin PBXFrameworksBuildPhase section */
		573EEE24269760040068EE00 /* Frameworks */ = {
			isa = PBXFrameworksBuildPhase;
			buildActionMask = 2147483647;
			files = (
				A0AA26658630C13A3B11A230 /* Pods_vkClient.framework in Frameworks */,
			);
			runOnlyForDeploymentPostprocessing = 0;
		};
/* End PBXFrameworksBuildPhase section */

/* Begin PBXGroup section */
		250033FFB88B4AC65C4A2C95 /* Pods */ = {
			isa = PBXGroup;
			children = (
				C747D5D615E75C6418241951 /* Pods-vkClient.debug.xcconfig */,
				32B0314444CC179E745B03E0 /* Pods-vkClient.release.xcconfig */,
			);
			path = Pods;
			sourceTree = "<group>";
		};
		5707430C273A55270032F74F /* API */ = {
			isa = PBXGroup;
			children = (
				57EE8D8B26F8565E0064159A /* UsersAPI.swift */,
				57A40EAD26F85FF50065844F /* GroupsAPI.swift */,
				57A40EAF26F861640065844F /* PhotosAPI.swift */,
				57552C38271FA783001A1BC5 /* SearchGroupsAPI.swift */,
				57E0FE05274BC409004D80D8 /* NewsFeedAPI.swift */,
			);
			path = API;
			sourceTree = "<group>";
		};
		571CD76F26E19D83006BAEBA /* Carusel */ = {
			isa = PBXGroup;
			children = (
				571CD76D26E19D16006BAEBA /* CaruselViewController.swift */,
			);
			path = Carusel;
			sourceTree = "<group>";
		};
		571CD77026E6586F006BAEBA /* Animation */ = {
			isa = PBXGroup;
			children = (
				571CD77126E65887006BAEBA /* PushTransition.swift */,
				571CD77326E79E44006BAEBA /* PopTransition.swift */,
				571CD77826E7A4B9006BAEBA /* InteractiveTransition.swift */,
			);
			path = Animation;
			sourceTree = "<group>";
		};
		571CD77526E7A1C6006BAEBA /* NavControllers */ = {
			isa = PBXGroup;
			children = (
				571CD77626E7A1E3006BAEBA /* FriendsNavController.swift */,
			);
			path = NavControllers;
			sourceTree = "<group>";
		};
		5729929526AEB8D200E0E93F /* Photos */ = {
			isa = PBXGroup;
			children = (
				5729929626AEB90600E0E93F /* PhotosViewController.swift */,
				5729929826AEC89B00E0E93F /* PhotosCollectionViewCell.swift */,
			);
			path = Photos;
			sourceTree = "<group>";
		};
		573EEE1E269760040068EE00 = {
			isa = PBXGroup;
			children = (
				573EEE29269760040068EE00 /* vkClient */,
				573EEE28269760040068EE00 /* Products */,
				250033FFB88B4AC65C4A2C95 /* Pods */,
				AA6B7A65ADCD750DBB9947B9 /* Frameworks */,
			);
			sourceTree = "<group>";
		};
		573EEE28269760040068EE00 /* Products */ = {
			isa = PBXGroup;
			children = (
				573EEE27269760040068EE00 /* vkClient.app */,
			);
			name = Products;
			sourceTree = "<group>";
		};
		573EEE29269760040068EE00 /* vkClient */ = {
			isa = PBXGroup;
			children = (
				57AFB1E42725785A0097CC9A /* Helpers */,
				576C02DC26F7664F007157EB /* Services */,
				57472BD526B4588D000FB276 /* CustomElements */,
				57D2871C26A88C7A005373AF /* Repository */,
				57D2871726A88AC4005373AF /* Models */,
				573EEE3E2697600E0068EE00 /* AppDelegate */,
				573EEE40269760250068EE00 /* Presentation */,
				573EEE30269760040068EE00 /* Main.storyboard */,
				573EEE3F269760190068EE00 /* Resources */,
				573EEE41269760410068EE00 /* Configuration */,
			);
			path = vkClient;
			sourceTree = "<group>";
		};
		573EEE3E2697600E0068EE00 /* AppDelegate */ = {
			isa = PBXGroup;
			children = (
				573EEE2A269760040068EE00 /* AppDelegate.swift */,
				573EEE2C269760040068EE00 /* SceneDelegate.swift */,
			);
			path = AppDelegate;
			sourceTree = "<group>";
		};
		573EEE3F269760190068EE00 /* Resources */ = {
			isa = PBXGroup;
			children = (
				57074312274110840032F74F /* GoogleService-Info.plist */,
				573EEE33269760050068EE00 /* Assets.xcassets */,
				573EEE35269760050068EE00 /* LaunchScreen.storyboard */,
			);
			path = Resources;
			sourceTree = "<group>";
		};
		573EEE40269760250068EE00 /* Presentation */ = {
			isa = PBXGroup;
			children = (
				57E0FDFC274BBC53004D80D8 /* News */,
				571CD77026E6586F006BAEBA /* Animation */,
				571CD76F26E19D83006BAEBA /* Carusel */,
				57472BD926B70290000FB276 /* Avatar */,
				5729929526AEB8D200E0E93F /* Photos */,
				57C34788269B136700D1FE3D /* Groups */,
				57C34784269B11AB00D1FE3D /* Friends */,
				573EEE42269760790068EE00 /* Login */,
			);
			path = Presentation;
			sourceTree = "<group>";
		};
		573EEE41269760410068EE00 /* Configuration */ = {
			isa = PBXGroup;
			children = (
				573EEE38269760050068EE00 /* Info.plist */,
			);
			path = Configuration;
			sourceTree = "<group>";
		};
		573EEE42269760790068EE00 /* Login */ = {
			isa = PBXGroup;
			children = (
				573EEE2E269760040068EE00 /* ViewController.swift */,
				5749E20126DD11A300A7E7E7 /* AnimateLogin.swift */,
				576C02E326F7679B007157EB /* AuthViewController.swift */,
			);
			path = Login;
			sourceTree = "<group>";
		};
		57472BD526B4588D000FB276 /* CustomElements */ = {
			isa = PBXGroup;
			children = (
				571CD77526E7A1C6006BAEBA /* NavControllers */,
				57472BD626B4589C000FB276 /* Controls */,
			);
			path = CustomElements;
			sourceTree = "<group>";
		};
		57472BD626B4589C000FB276 /* Controls */ = {
			isa = PBXGroup;
			children = (
				57472BD726B458B8000FB276 /* LikeControl.swift */,
			);
			path = Controls;
			sourceTree = "<group>";
		};
		57472BD926B70290000FB276 /* Avatar */ = {
			isa = PBXGroup;
			children = (
				57472BDA26B702AC000FB276 /* AvatarView.swift */,
			);
			path = Avatar;
			sourceTree = "<group>";
		};
		576C02DC26F7664F007157EB /* Services */ = {
			isa = PBXGroup;
			children = (
				57E0FDF72742648C004D80D8 /* Firebase */,
				57FD97D62737E6AE00E10B8C /* DB */,
				571D16AA26EA513300010A15 /* Session.swift */,
				5707430C273A55270032F74F /* API */,
			);
			path = Services;
			sourceTree = "<group>";
		};
		57AFB1E42725785A0097CC9A /* Helpers */ = {
			isa = PBXGroup;
			children = (
				57AFB1E52725788C0097CC9A /* Data+PrettyJSON.swift */,
				57E0FDFA27462FFE004D80D8 /* ImageView.swift */,
			);
			path = Helpers;
			sourceTree = "<group>";
		};
		57BFF03326B04E4A005693C8 /* AllGroups */ = {
			isa = PBXGroup;
			children = (
				57BFF03026B04DF6005693C8 /* AllGroupsViewController.swift */,
			);
			path = AllGroups;
			sourceTree = "<group>";
		};
		57C34784269B11AB00D1FE3D /* Friends */ = {
			isa = PBXGroup;
			children = (
				57C34786269B11E500D1FE3D /* FriendsViewController.swift */,
				573EAEAD26AD3316004D3105 /* FriendTableViewCell.swift */,
				57F6F0A026C35301006A6AED /* FriendsHeaderSection.swift */,
			);
			path = Friends;
			sourceTree = "<group>";
		};
		57C34788269B136700D1FE3D /* Groups */ = {
			isa = PBXGroup;
			children = (
				57BFF03326B04E4A005693C8 /* AllGroups */,
				57C34789269B137800D1FE3D /* GroupsViewController.swift */,
				57BFF03426B05140005693C8 /* GroupsTableViewCell.swift */,
			);
			path = Groups;
			sourceTree = "<group>";
		};
		57D2871726A88AC4005373AF /* Models */ = {
			isa = PBXGroup;
			children = (
				57D2871826A88AD8005373AF /* User.swift */,
				57D2871A26A88B3A005373AF /* Photo.swift */,
				57BFF02C26B04C12005693C8 /* Group.swift */,
				57E0FE03274BC156004D80D8 /* News.swift */,
			);
			path = Models;
			sourceTree = "<group>";
		};
		57D2871C26A88C7A005373AF /* Repository */ = {
			isa = PBXGroup;
			children = (
			);
			path = Repository;
			sourceTree = "<group>";
		};
		57E0FDF72742648C004D80D8 /* Firebase */ = {
			isa = PBXGroup;
			children = (
				57E0FDF82742653D004D80D8 /* UserFirebase.swift */,
			);
			path = Firebase;
			sourceTree = "<group>";
		};
		57E0FDFC274BBC53004D80D8 /* News */ = {
			isa = PBXGroup;
			children = (
				57E0FDFF274BBDA6004D80D8 /* NewsFeedViewController.swift */,
				57E0FE01274BBF91004D80D8 /* NewsFeedTableViewCell.swift */,
			);
			path = News;
			sourceTree = "<group>";
		};
		57FD97D62737E6AE00E10B8C /* DB */ = {
			isa = PBXGroup;
			children = (
				57FD97D72737E6CA00E10B8C /* UsersDB.swift */,
				5707430E273A6A1B0032F74F /* GroupsDB.swift */,
				57074310273A6CDA0032F74F /* PhotosDB.swift */,
			);
			path = DB;
			sourceTree = "<group>";
		};
		AA6B7A65ADCD750DBB9947B9 /* Frameworks */ = {
			isa = PBXGroup;
			children = (
				AA8E60036FD4E159FAC329C2 /* Pods_vkClient.framework */,
			);
			name = Frameworks;
			sourceTree = "<group>";
		};
/* End PBXGroup section */

/* Begin PBXNativeTarget section */
		573EEE26269760040068EE00 /* vkClient */ = {
			isa = PBXNativeTarget;
			buildConfigurationList = 573EEE3B269760050068EE00 /* Build configuration list for PBXNativeTarget "vkClient" */;
			buildPhases = (
				B6CC37727AEE791E866D7BB2 /* [CP] Check Pods Manifest.lock */,
				573EEE23269760040068EE00 /* Sources */,
				573EEE24269760040068EE00 /* Frameworks */,
				573EEE25269760040068EE00 /* Resources */,
				D181D5B12912DF69D7A0E0BB /* [CP] Embed Pods Frameworks */,
			);
			buildRules = (
			);
			dependencies = (
			);
			name = vkClient;
			productName = vkClient;
			productReference = 573EEE27269760040068EE00 /* vkClient.app */;
			productType = "com.apple.product-type.application";
		};
/* End PBXNativeTarget section */

/* Begin PBXProject section */
		573EEE1F269760040068EE00 /* Project object */ = {
			isa = PBXProject;
			attributes = {
				LastSwiftUpdateCheck = 1250;
				LastUpgradeCheck = 1250;
				TargetAttributes = {
					573EEE26269760040068EE00 = {
						CreatedOnToolsVersion = 12.5;
					};
				};
			};
			buildConfigurationList = 573EEE22269760040068EE00 /* Build configuration list for PBXProject "vkClient" */;
			compatibilityVersion = "Xcode 9.3";
			developmentRegion = en;
			hasScannedForEncodings = 0;
			knownRegions = (
				en,
				Base,
			);
			mainGroup = 573EEE1E269760040068EE00;
			productRefGroup = 573EEE28269760040068EE00 /* Products */;
			projectDirPath = "";
			projectRoot = "";
			targets = (
				573EEE26269760040068EE00 /* vkClient */,
			);
		};
/* End PBXProject section */

/* Begin PBXResourcesBuildPhase section */
		573EEE25269760040068EE00 /* Resources */ = {
			isa = PBXResourcesBuildPhase;
			buildActionMask = 2147483647;
			files = (
				573EEE37269760050068EE00 /* LaunchScreen.storyboard in Resources */,
				57074313274110840032F74F /* GoogleService-Info.plist in Resources */,
				573EEE34269760050068EE00 /* Assets.xcassets in Resources */,
				573EEE32269760040068EE00 /* Main.storyboard in Resources */,
			);
			runOnlyForDeploymentPostprocessing = 0;
		};
/* End PBXResourcesBuildPhase section */

/* Begin PBXShellScriptBuildPhase section */
		B6CC37727AEE791E866D7BB2 /* [CP] Check Pods Manifest.lock */ = {
			isa = PBXShellScriptBuildPhase;
			buildActionMask = 2147483647;
			files = (
			);
			inputFileListPaths = (
			);
			inputPaths = (
				"${PODS_PODFILE_DIR_PATH}/Podfile.lock",
				"${PODS_ROOT}/Manifest.lock",
			);
			name = "[CP] Check Pods Manifest.lock";
			outputFileListPaths = (
			);
			outputPaths = (
				"$(DERIVED_FILE_DIR)/Pods-vkClient-checkManifestLockResult.txt",
			);
			runOnlyForDeploymentPostprocessing = 0;
			shellPath = /bin/sh;
			shellScript = "diff \"${PODS_PODFILE_DIR_PATH}/Podfile.lock\" \"${PODS_ROOT}/Manifest.lock\" > /dev/null\nif [ $? != 0 ] ; then\n    # print error to STDERR\n    echo \"error: The sandbox is not in sync with the Podfile.lock. Run 'pod install' or update your CocoaPods installation.\" >&2\n    exit 1\nfi\n# This output is used by Xcode 'outputs' to avoid re-running this script phase.\necho \"SUCCESS\" > \"${SCRIPT_OUTPUT_FILE_0}\"\n";
			showEnvVarsInLog = 0;
		};
		D181D5B12912DF69D7A0E0BB /* [CP] Embed Pods Frameworks */ = {
			isa = PBXShellScriptBuildPhase;
			buildActionMask = 2147483647;
			files = (
			);
			inputFileListPaths = (
				"${PODS_ROOT}/Target Support Files/Pods-vkClient/Pods-vkClient-frameworks-${CONFIGURATION}-input-files.xcfilelist",
			);
			name = "[CP] Embed Pods Frameworks";
			outputFileListPaths = (
				"${PODS_ROOT}/Target Support Files/Pods-vkClient/Pods-vkClient-frameworks-${CONFIGURATION}-output-files.xcfilelist",
			);
			runOnlyForDeploymentPostprocessing = 0;
			shellPath = /bin/sh;
			shellScript = "\"${PODS_ROOT}/Target Support Files/Pods-vkClient/Pods-vkClient-frameworks.sh\"\n";
			showEnvVarsInLog = 0;
		};
/* End PBXShellScriptBuildPhase section */

/* Begin PBXSourcesBuildPhase section */
		573EEE23269760040068EE00 /* Sources */ = {
			isa = PBXSourcesBuildPhase;
			buildActionMask = 2147483647;
			files = (
				57BFF03126B04DF6005693C8 /* AllGroupsViewController.swift in Sources */,
				571CD77726E7A1E3006BAEBA /* FriendsNavController.swift in Sources */,
				5729929726AEB90600E0E93F /* PhotosViewController.swift in Sources */,
				57472BD826B458B8000FB276 /* LikeControl.swift in Sources */,
				57D2871926A88AD8005373AF /* User.swift in Sources */,
				57F6F0A126C35301006A6AED /* FriendsHeaderSection.swift in Sources */,
				57A40EAE26F85FF50065844F /* GroupsAPI.swift in Sources */,
				57C34787269B11E500D1FE3D /* FriendsViewController.swift in Sources */,
				5707430F273A6A1B0032F74F /* GroupsDB.swift in Sources */,
				57552C39271FA783001A1BC5 /* SearchGroupsAPI.swift in Sources */,
				576C02E426F7679B007157EB /* AuthViewController.swift in Sources */,
				57E0FE04274BC156004D80D8 /* News.swift in Sources */,
				573EEE2F269760040068EE00 /* ViewController.swift in Sources */,
				57074311273A6CDA0032F74F /* PhotosDB.swift in Sources */,
				5729929926AEC89B00E0E93F /* PhotosCollectionViewCell.swift in Sources */,
				57E0FE02274BBF91004D80D8 /* NewsFeedTableViewCell.swift in Sources */,
				573EEE2B269760040068EE00 /* AppDelegate.swift in Sources */,
				57BFF02D26B04C12005693C8 /* Group.swift in Sources */,
				571CD77926E7A4B9006BAEBA /* InteractiveTransition.swift in Sources */,
				57E0FDF92742653D004D80D8 /* UserFirebase.swift in Sources */,
				571CD76E26E19D16006BAEBA /* CaruselViewController.swift in Sources */,
				573EEE2D269760040068EE00 /* SceneDelegate.swift in Sources */,
				57E0FDFB27462FFE004D80D8 /* ImageView.swift in Sources */,
				57EE8D8C26F8565E0064159A /* UsersAPI.swift in Sources */,
				57BFF03526B05140005693C8 /* GroupsTableViewCell.swift in Sources */,
				57A40EB026F861640065844F /* PhotosAPI.swift in Sources */,
				57FD97D82737E6CA00E10B8C /* UsersDB.swift in Sources */,
				57AFB1E62725788C0097CC9A /* Data+PrettyJSON.swift in Sources */,
				571CD77226E65887006BAEBA /* PushTransition.swift in Sources */,
				573EAEAE26AD3316004D3105 /* FriendTableViewCell.swift in Sources */,
				571D16AB26EA513300010A15 /* Session.swift in Sources */,
				57E0FE06274BC409004D80D8 /* NewsFeedAPI.swift in Sources */,
				5749E20226DD11A300A7E7E7 /* AnimateLogin.swift in Sources */,
				57D2871B26A88B3A005373AF /* Photo.swift in Sources */,
				57472BDB26B702AC000FB276 /* AvatarView.swift in Sources */,
				571CD77426E79E44006BAEBA /* PopTransition.swift in Sources */,
				57C3478A269B137800D1FE3D /* GroupsViewController.swift in Sources */,
				57E0FE00274BBDA6004D80D8 /* NewsFeedViewController.swift in Sources */,
			);
			runOnlyForDeploymentPostprocessing = 0;
		};
/* End PBXSourcesBuildPhase section */

/* Begin PBXVariantGroup section */
		573EEE30269760040068EE00 /* Main.storyboard */ = {
			isa = PBXVariantGroup;
			children = (
				573EEE31269760040068EE00 /* Base */,
			);
			name = Main.storyboard;
			sourceTree = "<group>";
		};
		573EEE35269760050068EE00 /* LaunchScreen.storyboard */ = {
			isa = PBXVariantGroup;
			children = (
				573EEE36269760050068EE00 /* Base */,
			);
			name = LaunchScreen.storyboard;
			sourceTree = "<group>";
		};
/* End PBXVariantGroup section */

/* Begin XCBuildConfiguration section */
		573EEE39269760050068EE00 /* Debug */ = {
			isa = XCBuildConfiguration;
			buildSettings = {
				ALWAYS_SEARCH_USER_PATHS = NO;
				CLANG_ANALYZER_NONNULL = YES;
				CLANG_ANALYZER_NUMBER_OBJECT_CONVERSION = YES_AGGRESSIVE;
				CLANG_CXX_LANGUAGE_STANDARD = "gnu++14";
				CLANG_CXX_LIBRARY = "libc++";
				CLANG_ENABLE_MODULES = YES;
				CLANG_ENABLE_OBJC_ARC = YES;
				CLANG_ENABLE_OBJC_WEAK = YES;
				CLANG_WARN_BLOCK_CAPTURE_AUTORELEASING = YES;
				CLANG_WARN_BOOL_CONVERSION = YES;
				CLANG_WARN_COMMA = YES;
				CLANG_WARN_CONSTANT_CONVERSION = YES;
				CLANG_WARN_DEPRECATED_OBJC_IMPLEMENTATIONS = YES;
				CLANG_WARN_DIRECT_OBJC_ISA_USAGE = YES_ERROR;
				CLANG_WARN_DOCUMENTATION_COMMENTS = YES;
				CLANG_WARN_EMPTY_BODY = YES;
				CLANG_WARN_ENUM_CONVERSION = YES;
				CLANG_WARN_INFINITE_RECURSION = YES;
				CLANG_WARN_INT_CONVERSION = YES;
				CLANG_WARN_NON_LITERAL_NULL_CONVERSION = YES;
				CLANG_WARN_OBJC_IMPLICIT_RETAIN_SELF = YES;
				CLANG_WARN_OBJC_LITERAL_CONVERSION = YES;
				CLANG_WARN_OBJC_ROOT_CLASS = YES_ERROR;
				CLANG_WARN_QUOTED_INCLUDE_IN_FRAMEWORK_HEADER = YES;
				CLANG_WARN_RANGE_LOOP_ANALYSIS = YES;
				CLANG_WARN_STRICT_PROTOTYPES = YES;
				CLANG_WARN_SUSPICIOUS_MOVE = YES;
				CLANG_WARN_UNGUARDED_AVAILABILITY = YES_AGGRESSIVE;
				CLANG_WARN_UNREACHABLE_CODE = YES;
				CLANG_WARN__DUPLICATE_METHOD_MATCH = YES;
				COPY_PHASE_STRIP = NO;
				DEBUG_INFORMATION_FORMAT = dwarf;
				ENABLE_STRICT_OBJC_MSGSEND = YES;
				ENABLE_TESTABILITY = YES;
				GCC_C_LANGUAGE_STANDARD = gnu11;
				GCC_DYNAMIC_NO_PIC = NO;
				GCC_NO_COMMON_BLOCKS = YES;
				GCC_OPTIMIZATION_LEVEL = 0;
				GCC_PREPROCESSOR_DEFINITIONS = (
					"DEBUG=1",
					"$(inherited)",
				);
				GCC_WARN_64_TO_32_BIT_CONVERSION = YES;
				GCC_WARN_ABOUT_RETURN_TYPE = YES_ERROR;
				GCC_WARN_UNDECLARED_SELECTOR = YES;
				GCC_WARN_UNINITIALIZED_AUTOS = YES_AGGRESSIVE;
				GCC_WARN_UNUSED_FUNCTION = YES;
				GCC_WARN_UNUSED_VARIABLE = YES;
				IPHONEOS_DEPLOYMENT_TARGET = 14.5;
				MTL_ENABLE_DEBUG_INFO = INCLUDE_SOURCE;
				MTL_FAST_MATH = YES;
				ONLY_ACTIVE_ARCH = YES;
				SDKROOT = iphoneos;
				SWIFT_ACTIVE_COMPILATION_CONDITIONS = DEBUG;
				SWIFT_OPTIMIZATION_LEVEL = "-Onone";
			};
			name = Debug;
		};
		573EEE3A269760050068EE00 /* Release */ = {
			isa = XCBuildConfiguration;
			buildSettings = {
				ALWAYS_SEARCH_USER_PATHS = NO;
				CLANG_ANALYZER_NONNULL = YES;
				CLANG_ANALYZER_NUMBER_OBJECT_CONVERSION = YES_AGGRESSIVE;
				CLANG_CXX_LANGUAGE_STANDARD = "gnu++14";
				CLANG_CXX_LIBRARY = "libc++";
				CLANG_ENABLE_MODULES = YES;
				CLANG_ENABLE_OBJC_ARC = YES;
				CLANG_ENABLE_OBJC_WEAK = YES;
				CLANG_WARN_BLOCK_CAPTURE_AUTORELEASING = YES;
				CLANG_WARN_BOOL_CONVERSION = YES;
				CLANG_WARN_COMMA = YES;
				CLANG_WARN_CONSTANT_CONVERSION = YES;
				CLANG_WARN_DEPRECATED_OBJC_IMPLEMENTATIONS = YES;
				CLANG_WARN_DIRECT_OBJC_ISA_USAGE = YES_ERROR;
				CLANG_WARN_DOCUMENTATION_COMMENTS = YES;
				CLANG_WARN_EMPTY_BODY = YES;
				CLANG_WARN_ENUM_CONVERSION = YES;
				CLANG_WARN_INFINITE_RECURSION = YES;
				CLANG_WARN_INT_CONVERSION = YES;
				CLANG_WARN_NON_LITERAL_NULL_CONVERSION = YES;
				CLANG_WARN_OBJC_IMPLICIT_RETAIN_SELF = YES;
				CLANG_WARN_OBJC_LITERAL_CONVERSION = YES;
				CLANG_WARN_OBJC_ROOT_CLASS = YES_ERROR;
				CLANG_WARN_QUOTED_INCLUDE_IN_FRAMEWORK_HEADER = YES;
				CLANG_WARN_RANGE_LOOP_ANALYSIS = YES;
				CLANG_WARN_STRICT_PROTOTYPES = YES;
				CLANG_WARN_SUSPICIOUS_MOVE = YES;
				CLANG_WARN_UNGUARDED_AVAILABILITY = YES_AGGRESSIVE;
				CLANG_WARN_UNREACHABLE_CODE = YES;
				CLANG_WARN__DUPLICATE_METHOD_MATCH = YES;
				COPY_PHASE_STRIP = NO;
				DEBUG_INFORMATION_FORMAT = "dwarf-with-dsym";
				ENABLE_NS_ASSERTIONS = NO;
				ENABLE_STRICT_OBJC_MSGSEND = YES;
				GCC_C_LANGUAGE_STANDARD = gnu11;
				GCC_NO_COMMON_BLOCKS = YES;
				GCC_WARN_64_TO_32_BIT_CONVERSION = YES;
				GCC_WARN_ABOUT_RETURN_TYPE = YES_ERROR;
				GCC_WARN_UNDECLARED_SELECTOR = YES;
				GCC_WARN_UNINITIALIZED_AUTOS = YES_AGGRESSIVE;
				GCC_WARN_UNUSED_FUNCTION = YES;
				GCC_WARN_UNUSED_VARIABLE = YES;
				IPHONEOS_DEPLOYMENT_TARGET = 14.5;
				MTL_ENABLE_DEBUG_INFO = NO;
				MTL_FAST_MATH = YES;
				SDKROOT = iphoneos;
				SWIFT_COMPILATION_MODE = wholemodule;
				SWIFT_OPTIMIZATION_LEVEL = "-O";
				VALIDATE_PRODUCT = YES;
			};
			name = Release;
		};
		573EEE3C269760050068EE00 /* Debug */ = {
			isa = XCBuildConfiguration;
			baseConfigurationReference = C747D5D615E75C6418241951 /* Pods-vkClient.debug.xcconfig */;
			buildSettings = {
				ASSETCATALOG_COMPILER_APPICON_NAME = AppIcon;
				ASSETCATALOG_COMPILER_GLOBAL_ACCENT_COLOR_NAME = AccentColor;
				CODE_SIGN_STYLE = Automatic;
				DEVELOPMENT_TEAM = BG5UDAJYTJ;
				INFOPLIST_FILE = vkClient/Configuration/Info.plist;
				LD_RUNPATH_SEARCH_PATHS = (
					"$(inherited)",
					"@executable_path/Frameworks",
				);
				PRODUCT_BUNDLE_IDENTIFIER = tempdos.vkClient;
				PRODUCT_NAME = "$(TARGET_NAME)";
				SWIFT_VERSION = 5.0;
				TARGETED_DEVICE_FAMILY = "1,2";
			};
			name = Debug;
		};
		573EEE3D269760050068EE00 /* Release */ = {
			isa = XCBuildConfiguration;
			baseConfigurationReference = 32B0314444CC179E745B03E0 /* Pods-vkClient.release.xcconfig */;
			buildSettings = {
				ASSETCATALOG_COMPILER_APPICON_NAME = AppIcon;
				ASSETCATALOG_COMPILER_GLOBAL_ACCENT_COLOR_NAME = AccentColor;
				CODE_SIGN_STYLE = Automatic;
				DEVELOPMENT_TEAM = BG5UDAJYTJ;
				INFOPLIST_FILE = vkClient/Configuration/Info.plist;
				LD_RUNPATH_SEARCH_PATHS = (
					"$(inherited)",
					"@executable_path/Frameworks",
				);
				PRODUCT_BUNDLE_IDENTIFIER = tempdos.vkClient;
				PRODUCT_NAME = "$(TARGET_NAME)";
				SWIFT_VERSION = 5.0;
				TARGETED_DEVICE_FAMILY = "1,2";
			};
			name = Release;
		};
/* End XCBuildConfiguration section */

/* Begin XCConfigurationList section */
		573EEE22269760040068EE00 /* Build configuration list for PBXProject "vkClient" */ = {
			isa = XCConfigurationList;
			buildConfigurations = (
				573EEE39269760050068EE00 /* Debug */,
				573EEE3A269760050068EE00 /* Release */,
			);
			defaultConfigurationIsVisible = 0;
			defaultConfigurationName = Release;
		};
		573EEE3B269760050068EE00 /* Build configuration list for PBXNativeTarget "vkClient" */ = {
			isa = XCConfigurationList;
			buildConfigurations = (
				573EEE3C269760050068EE00 /* Debug */,
				573EEE3D269760050068EE00 /* Release */,
			);
			defaultConfigurationIsVisible = 0;
			defaultConfigurationName = Release;
		};
/* End XCConfigurationList section */
	};
	rootObject = 573EEE1F269760040068EE00 /* Project object */;
}
